
Microsoft Visual Studio Solution File, Format Version 12.00
# Visual Studio 14
VisualStudioVersion = 14.0.24720.0
MinimumVisualStudioVersion = 10.0.40219.1
Project("{FAE04EC0-301F-11D3-BF4B-00C04F79EFBC}") = "EHome.Common", "EHome.Common\EHome.Common.csproj", "{A622981A-6897-4A75-89D3-FDEAC5FAA9E9}"
EndProject
Project("{FAE04EC0-301F-11D3-BF4B-00C04F79EFBC}") = "EHome.Storage", "EHome.Storage\EHome.Storage.csproj", "{34634C72-B258-4FC0-9F57-C03283E64154}"
EndProject
Project("{FAE04EC0-301F-11D3-BF4B-00C04F79EFBC}") = "EHome.Host", "EHome.Host\EHome.Host.csproj", "{4D478062-778E-4764-82FF-9F58A90EFB8F}"
EndProject
Project("{FAE04EC0-301F-11D3-BF4B-00C04F79EFBC}") = "EHome.Plugins.Esp", "EHome.Plugins.Esp\EHome.Plugins.Esp.csproj", "{5D958C5B-2290-440A-B600-C31C73F1CA41}"
EndProject
Project("{2150E333-8FDC-42A3-9474-1A3956D46DE8}") = "Test", "Test", "{B73B70D2-48F9-492D-B987-6D877B7A1958}"
EndProject
Project("{FAE04EC0-301F-11D3-BF4B-00C04F79EFBC}") = "EHome.Test.PublisherForm", "EHome.Test.PublisherForm\EHome.Test.PublisherForm.csproj", "{103F7E54-D0AE-418F-A4FE-C614212DBA9B}"
EndProject
Project("{FAE04EC0-301F-11D3-BF4B-00C04F79EFBC}") = "EHome.Core", "EHome.Core\EHome.Core.csproj", "{025CAB23-9CCC-4953-B6FC-9A9A6512BEEB}"
EndProject
Project("{FAE04EC0-301F-11D3-BF4B-00C04F79EFBC}") = "EHome.Core.Api", "EHome.Core.Api\EHome.Core.Api.csproj", "{E1847467-6A46-44C2-8953-ACC1ACE3EB03}"
EndProject
Global
	GlobalSection(SolutionConfigurationPlatforms) = preSolution
		Debug|Any CPU = Debug|Any CPU
		Mono|Any CPU = Mono|Any CPU
		Release|Any CPU = Release|Any CPU
	EndGlobalSection
	GlobalSection(ProjectConfigurationPlatforms) = postSolution
		{A622981A-6897-4A75-89D3-FDEAC5FAA9E9}.Debug|Any CPU.ActiveCfg = Debug|Any CPU
		{A622981A-6897-4A75-89D3-FDEAC5FAA9E9}.Debug|Any CPU.Build.0 = Debug|Any CPU
		{A622981A-6897-4A75-89D3-FDEAC5FAA9E9}.Mono|Any CPU.ActiveCfg = Mono|Any CPU
		{A622981A-6897-4A75-89D3-FDEAC5FAA9E9}.Mono|Any CPU.Build.0 = Mono|Any CPU
		{A622981A-6897-4A75-89D3-FDEAC5FAA9E9}.Release|Any CPU.ActiveCfg = Release|Any CPU
		{A622981A-6897-4A75-89D3-FDEAC5FAA9E9}.Release|Any CPU.Build.0 = Release|Any CPU
		{34634C72-B258-4FC0-9F57-C03283E64154}.Debug|Any CPU.ActiveCfg = Debug|Any CPU
		{34634C72-B258-4FC0-9F57-C03283E64154}.Debug|Any CPU.Build.0 = Debug|Any CPU
		{34634C72-B258-4FC0-9F57-C03283E64154}.Mono|Any CPU.ActiveCfg = Mono|Any CPU
		{34634C72-B258-4FC0-9F57-C03283E64154}.Mono|Any CPU.Build.0 = Mono|Any CPU
		{34634C72-B258-4FC0-9F57-C03283E64154}.Release|Any CPU.ActiveCfg = Release|Any CPU
		{34634C72-B258-4FC0-9F57-C03283E64154}.Release|Any CPU.Build.0 = Release|Any CPU
		{4D478062-778E-4764-82FF-9F58A90EFB8F}.Debug|Any CPU.ActiveCfg = Debug|Any CPU
		{4D478062-778E-4764-82FF-9F58A90EFB8F}.Debug|Any CPU.Build.0 = Debug|Any CPU
		{4D478062-778E-4764-82FF-9F58A90EFB8F}.Mono|Any CPU.ActiveCfg = Mono|Any CPU
		{4D478062-778E-4764-82FF-9F58A90EFB8F}.Mono|Any CPU.Build.0 = Mono|Any CPU
		{4D478062-778E-4764-82FF-9F58A90EFB8F}.Release|Any CPU.ActiveCfg = Release|Any CPU
		{4D478062-778E-4764-82FF-9F58A90EFB8F}.Release|Any CPU.Build.0 = Release|Any CPU
		{5D958C5B-2290-440A-B600-C31C73F1CA41}.Debug|Any CPU.ActiveCfg = Debug|Any CPU
		{5D958C5B-2290-440A-B600-C31C73F1CA41}.Debug|Any CPU.Build.0 = Debug|Any CPU
		{5D958C5B-2290-440A-B600-C31C73F1CA41}.Mono|Any CPU.ActiveCfg = Mono|Any CPU
		{5D958C5B-2290-440A-B600-C31C73F1CA41}.Mono|Any CPU.Build.0 = Mono|Any CPU
		{5D958C5B-2290-440A-B600-C31C73F1CA41}.Release|Any CPU.ActiveCfg = Release|Any CPU
		{5D958C5B-2290-440A-B600-C31C73F1CA41}.Release|Any CPU.Build.0 = Release|Any CPU
		{103F7E54-D0AE-418F-A4FE-C614212DBA9B}.Debug|Any CPU.ActiveCfg = Debug|Any CPU
		{103F7E54-D0AE-418F-A4FE-C614212DBA9B}.Debug|Any CPU.Build.0 = Debug|Any CPU
		{103F7E54-D0AE-418F-A4FE-C614212DBA9B}.Mono|Any CPU.ActiveCfg = Mono|Any CPU
		{103F7E54-D0AE-418F-A4FE-C614212DBA9B}.Mono|Any CPU.Build.0 = Mono|Any CPU
		{103F7E54-D0AE-418F-A4FE-C614212DBA9B}.Release|Any CPU.ActiveCfg = Release|Any CPU
		{103F7E54-D0AE-418F-A4FE-C614212DBA9B}.Release|Any CPU.Build.0 = Release|Any CPU
		{025CAB23-9CCC-4953-B6FC-9A9A6512BEEB}.Debug|Any CPU.ActiveCfg = Debug|Any CPU
		{025CAB23-9CCC-4953-B6FC-9A9A6512BEEB}.Debug|Any CPU.Build.0 = Debug|Any CPU
		{025CAB23-9CCC-4953-B6FC-9A9A6512BEEB}.Mono|Any CPU.ActiveCfg = Mono|Any CPU
		{025CAB23-9CCC-4953-B6FC-9A9A6512BEEB}.Mono|Any CPU.Build.0 = Mono|Any CPU
		{025CAB23-9CCC-4953-B6FC-9A9A6512BEEB}.Release|Any CPU.ActiveCfg = Release|Any CPU
		{025CAB23-9CCC-4953-B6FC-9A9A6512BEEB}.Release|Any CPU.Build.0 = Release|Any CPU
		{E1847467-6A46-44C2-8953-ACC1ACE3EB03}.Debug|Any CPU.ActiveCfg = Debug|Any CPU
		{E1847467-6A46-44C2-8953-ACC1ACE3EB03}.Debug|Any CPU.Build.0 = Debug|Any CPU
		{E1847467-6A46-44C2-8953-ACC1ACE3EB03}.Mono|Any CPU.ActiveCfg = Mono|Any CPU
		{E1847467-6A46-44C2-8953-ACC1ACE3EB03}.Mono|Any CPU.Build.0 = Mono|Any CPU
		{E1847467-6A46-44C2-8953-ACC1ACE3EB03}.Release|Any CPU.ActiveCfg = Release|Any CPU
		{E1847467-6A46-44C2-8953-ACC1ACE3EB03}.Release|Any CPU.Build.0 = Release|Any CPU
	EndGlobalSection
	GlobalSection(SolutionProperties) = preSolution
		HideSolutionNode = FALSE
	EndGlobalSection
	GlobalSection(NestedProjects) = preSolution
		{103F7E54-D0AE-418F-A4FE-C614212DBA9B} = {B73B70D2-48F9-492D-B987-6D877B7A1958}
	EndGlobalSection
EndGlobal
